// !$*UTF8*$!
{
	archiveVersion = 1;
	classes = {
	};
	objectVersion = 55;
	objects = {

/* Begin PBXBuildFile section */
		AACB859E2806ADCD005AAF7A /* SwiftUI_OrderingAppApp.swift in Sources */ = {isa = PBXBuildFile; fileRef = AACB859D2806ADCD005AAF7A /* SwiftUI_OrderingAppApp.swift */; };
		AACB85A02806ADCD005AAF7A /* ContentView.swift in Sources */ = {isa = PBXBuildFile; fileRef = AACB859F2806ADCD005AAF7A /* ContentView.swift */; };
		AACB85A22806ADCE005AAF7A /* Assets.xcassets in Resources */ = {isa = PBXBuildFile; fileRef = AACB85A12806ADCE005AAF7A /* Assets.xcassets */; };
		AACB85A52806ADCE005AAF7A /* Preview Assets.xcassets in Resources */ = {isa = PBXBuildFile; fileRef = AACB85A42806ADCE005AAF7A /* Preview Assets.xcassets */; };
		AACB85AF2806ADCE005AAF7A /* SwiftUI_OrderingAppTests.swift in Sources */ = {isa = PBXBuildFile; fileRef = AACB85AE2806ADCE005AAF7A /* SwiftUI_OrderingAppTests.swift */; };
		AACB85B92806ADCE005AAF7A /* SwiftUI_OrderingAppUITests.swift in Sources */ = {isa = PBXBuildFile; fileRef = AACB85B82806ADCE005AAF7A /* SwiftUI_OrderingAppUITests.swift */; };
		AACB85BB2806ADCE005AAF7A /* SwiftUI_OrderingAppUITestsLaunchTests.swift in Sources */ = {isa = PBXBuildFile; fileRef = AACB85BA2806ADCE005AAF7A /* SwiftUI_OrderingAppUITestsLaunchTests.swift */; };
/* End PBXBuildFile section */

/* Begin PBXContainerItemProxy section */
		AACB85AB2806ADCE005AAF7A /* PBXContainerItemProxy */ = {
			isa = PBXContainerItemProxy;
			containerPortal = AACB85922806ADCD005AAF7A /* Project object */;
			proxyType = 1;
			remoteGlobalIDString = AACB85992806ADCD005AAF7A;
			remoteInfo = "SwiftUI-OrderingApp";
		};
		AACB85B52806ADCE005AAF7A /* PBXContainerItemProxy */ = {
			isa = PBXContainerItemProxy;
			containerPortal = AACB85922806ADCD005AAF7A /* Project object */;
			proxyType = 1;
			remoteGlobalIDString = AACB85992806ADCD005AAF7A;
			remoteInfo = "SwiftUI-OrderingApp";
		};
/* End PBXContainerItemProxy section */

/* Begin PBXFileReference section */
		AACB859A2806ADCD005AAF7A /* SwiftUI-OrderingApp.app */ = {isa = PBXFileReference; explicitFileType = wrapper.application; includeInIndex = 0; path = "SwiftUI-OrderingApp.app"; sourceTree = BUILT_PRODUCTS_DIR; };
		AACB859D2806ADCD005AAF7A /* SwiftUI_OrderingAppApp.swift */ = {isa = PBXFileReference; lastKnownFileType = sourcecode.swift; path = SwiftUI_OrderingAppApp.swift; sourceTree = "<group>"; };
		AACB859F2806ADCD005AAF7A /* ContentView.swift */ = {isa = PBXFileReference; lastKnownFileType = sourcecode.swift; path = ContentView.swift; sourceTree = "<group>"; };
		AACB85A12806ADCE005AAF7A /* Assets.xcassets */ = {isa = PBXFileReference; lastKnownFileType = folder.assetcatalog; path = Assets.xcassets; sourceTree = "<group>"; };
		AACB85A42806ADCE005AAF7A /* Preview Assets.xcassets */ = {isa = PBXFileReference; lastKnownFileType = folder.assetcatalog; path = "Preview Assets.xcassets"; sourceTree = "<group>"; };
		AACB85AA2806ADCE005AAF7A /* SwiftUI-OrderingAppTests.xctest */ = {isa = PBXFileReference; explicitFileType = wrapper.cfbundle; includeInIndex = 0; path = "SwiftUI-OrderingAppTests.xctest"; sourceTree = BUILT_PRODUCTS_DIR; };
		AACB85AE2806ADCE005AAF7A /* SwiftUI_OrderingAppTests.swift */ = {isa = PBXFileReference; lastKnownFileType = sourcecode.swift; path = SwiftUI_OrderingAppTests.swift; sourceTree = "<group>"; };
		AACB85B42806ADCE005AAF7A /* SwiftUI-OrderingAppUITests.xctest */ = {isa = PBXFileReference; explicitFileType = wrapper.cfbundle; includeInIndex = 0; path = "SwiftUI-OrderingAppUITests.xctest"; sourceTree = BUILT_PRODUCTS_DIR; };
		AACB85B82806ADCE005AAF7A /* SwiftUI_OrderingAppUITests.swift */ = {isa = PBXFileReference; lastKnownFileType = sourcecode.swift; path = SwiftUI_OrderingAppUITests.swift; sourceTree = "<group>"; };
		AACB85BA2806ADCE005AAF7A /* SwiftUI_OrderingAppUITestsLaunchTests.swift */ = {isa = PBXFileReference; lastKnownFileType = sourcecode.swift; path = SwiftUI_OrderingAppUITestsLaunchTests.swift; sourceTree = "<group>"; };
/* End PBXFileReference section */

/* Begin PBXFrameworksBuildPhase section */
		AACB85972806ADCD005AAF7A /* Frameworks */ = {
			isa = PBXFrameworksBuildPhase;
			buildActionMask = 2147483647;
			files = (
			);
			runOnlyForDeploymentPostprocessing = 0;
		};
		AACB85A72806ADCE005AAF7A /* Frameworks */ = {
			isa = PBXFrameworksBuildPhase;
			buildActionMask = 2147483647;
			files = (
			);
			runOnlyForDeploymentPostprocessing = 0;
		};
		AACB85B12806ADCE005AAF7A /* Frameworks */ = {
			isa = PBXFrameworksBuildPhase;
			buildActionMask = 2147483647;
			files = (
			);
			runOnlyForDeploymentPostprocessing = 0;
		};
/* End PBXFrameworksBuildPhase section */

/* Begin PBXGroup section */
		AACB85912806ADCD005AAF7A = {
			isa = PBXGroup;
			children = (
				AACB859C2806ADCD005AAF7A /* SwiftUI-OrderingApp */,
				AACB85AD2806ADCE005AAF7A /* SwiftUI-OrderingAppTests */,
				AACB85B72806ADCE005AAF7A /* SwiftUI-OrderingAppUITests */,
				AACB859B2806ADCD005AAF7A /* Products */,
			);
			sourceTree = "<group>";
		};
		AACB859B2806ADCD005AAF7A /* Products */ = {
			isa = PBXGroup;
			children = (
				AACB859A2806ADCD005AAF7A /* SwiftUI-OrderingApp.app */,
				AACB85AA2806ADCE005AAF7A /* SwiftUI-OrderingAppTests.xctest */,
				AACB85B42806ADCE005AAF7A /* SwiftUI-OrderingAppUITests.xctest */,
			);
			name = Products;
			sourceTree = "<group>";
		};
		AACB859C2806ADCD005AAF7A /* SwiftUI-OrderingApp */ = {
			isa = PBXGroup;
			children = (
				AACB859D2806ADCD005AAF7A /* SwiftUI_OrderingAppApp.swift */,
				AACB859F2806ADCD005AAF7A /* ContentView.swift */,
				AACB85A12806ADCE005AAF7A /* Assets.xcassets */,
				AACB85A32806ADCE005AAF7A /* Preview Content */,
			);
			path = "SwiftUI-OrderingApp";
			sourceTree = "<group>";
		};
		AACB85A32806ADCE005AAF7A /* Preview Content */ = {
			isa = PBXGroup;
			children = (
				AACB85A42806ADCE005AAF7A /* Preview Assets.xcassets */,
			);
			path = "Preview Content";
			sourceTree = "<group>";
		};
		AACB85AD2806ADCE005AAF7A /* SwiftUI-OrderingAppTests */ = {
			isa = PBXGroup;
			children = (
				AACB85AE2806ADCE005AAF7A /* SwiftUI_OrderingAppTests.swift */,
			);
			path = "SwiftUI-OrderingAppTests";
			sourceTree = "<group>";
		};
		AACB85B72806ADCE005AAF7A /* SwiftUI-OrderingAppUITests */ = {
			isa = PBXGroup;
			children = (
				AACB85B82806ADCE005AAF7A /* SwiftUI_OrderingAppUITests.swift */,
				AACB85BA2806ADCE005AAF7A /* SwiftUI_OrderingAppUITestsLaunchTests.swift */,
			);
			path = "SwiftUI-OrderingAppUITests";
			sourceTree = "<group>";
		};
/* End PBXGroup section */

/* Begin PBXNativeTarget section */
		AACB85992806ADCD005AAF7A /* SwiftUI-OrderingApp */ = {
			isa = PBXNativeTarget;
			buildConfigurationList = AACB85BE2806ADCE005AAF7A /* Build configuration list for PBXNativeTarget "SwiftUI-OrderingApp" */;
			buildPhases = (
				AACB85962806ADCD005AAF7A /* Sources */,
				AACB85972806ADCD005AAF7A /* Frameworks */,
				AACB85982806ADCD005AAF7A /* Resources */,
			);
			buildRules = (
			);
			dependencies = (
			);
			name = "SwiftUI-OrderingApp";
			productName = "SwiftUI-OrderingApp";
			productReference = AACB859A2806ADCD005AAF7A /* SwiftUI-OrderingApp.app */;
			productType = "com.apple.product-type.application";
		};
		AACB85A92806ADCE005AAF7A /* SwiftUI-OrderingAppTests */ = {
			isa = PBXNativeTarget;
			buildConfigurationList = AACB85C12806ADCE005AAF7A /* Build configuration list for PBXNativeTarget "SwiftUI-OrderingAppTests" */;
			buildPhases = (
				AACB85A62806ADCE005AAF7A /* Sources */,
				AACB85A72806ADCE005AAF7A /* Frameworks */,
				AACB85A82806ADCE005AAF7A /* Resources */,
			);
			buildRules = (
			);
			dependencies = (
				AACB85AC2806ADCE005AAF7A /* PBXTargetDependency */,
			);
			name = "SwiftUI-OrderingAppTests";
			productName = "SwiftUI-OrderingAppTests";
			productReference = AACB85AA2806ADCE005AAF7A /* SwiftUI-OrderingAppTests.xctest */;
			productType = "com.apple.product-type.bundle.unit-test";
		};
		AACB85B32806ADCE005AAF7A /* SwiftUI-OrderingAppUITests */ = {
			isa = PBXNativeTarget;
			buildConfigurationList = AACB85C42806ADCE005AAF7A /* Build configuration list for PBXNativeTarget "SwiftUI-OrderingAppUITests" */;
			buildPhases = (
				AACB85B02806ADCE005AAF7A /* Sources */,
				AACB85B12806ADCE005AAF7A /* Frameworks */,
				AACB85B22806ADCE005AAF7A /* Resources */,
			);
			buildRules = (
			);
			dependencies = (
				AACB85B62806ADCE005AAF7A /* PBXTargetDependency */,
			);
			name = "SwiftUI-OrderingAppUITests";
			productName = "SwiftUI-OrderingAppUITests";
			productReference = AACB85B42806ADCE005AAF7A /* SwiftUI-OrderingAppUITests.xctest */;
			productType = "com.apple.product-type.bundle.ui-testing";
		};
/* End PBXNativeTarget section */

/* Begin PBXProject section */
		AACB85922806ADCD005AAF7A /* Project object */ = {
			isa = PBXProject;
			attributes = {
				BuildIndependentTargetsInParallel = 1;
				LastSwiftUpdateCheck = 1320;
				LastUpgradeCheck = 1320;
				TargetAttributes = {
					AACB85992806ADCD005AAF7A = {
						CreatedOnToolsVersion = 13.2.1;
					};
					AACB85A92806ADCE005AAF7A = {
						CreatedOnToolsVersion = 13.2.1;
						TestTargetID = AACB85992806ADCD005AAF7A;
					};
					AACB85B32806ADCE005AAF7A = {
						CreatedOnToolsVersion = 13.2.1;
						TestTargetID = AACB85992806ADCD005AAF7A;
					};
				};
			};
			buildConfigurationList = AACB85952806ADCD005AAF7A /* Build configuration list for PBXProject "SwiftUI-OrderingApp" */;
			compatibilityVersion = "Xcode 13.0";
			developmentRegion = en;
			hasScannedForEncodings = 0;
			knownRegions = (
				en,
				Base,
			);
			mainGroup = AACB85912806ADCD005AAF7A;
			productRefGroup = AACB859B2806ADCD005AAF7A /* Products */;
			projectDirPath = "";
			projectRoot = "";
			targets = (
				AACB85992806ADCD005AAF7A /* SwiftUI-OrderingApp */,
				AACB85A92806ADCE005AAF7A /* SwiftUI-OrderingAppTests */,
				AACB85B32806ADCE005AAF7A /* SwiftUI-OrderingAppUITests */,
			);
		};
/* End PBXProject section */

/* Begin PBXResourcesBuildPhase section */
		AACB85982806ADCD005AAF7A /* Resources */ = {
			isa = PBXResourcesBuildPhase;
			buildActionMask = 2147483647;
			files = (
				AACB85A52806ADCE005AAF7A /* Preview Assets.xcassets in Resources */,
				AACB85A22806ADCE005AAF7A /* Assets.xcassets in Resources */,
			);
			runOnlyForDeploymentPostprocessing = 0;
		};
		AACB85A82806ADCE005AAF7A /* Resources */ = {
			isa = PBXResourcesBuildPhase;
			buildActionMask = 2147483647;
			files = (
			);
			runOnlyForDeploymentPostprocessing = 0;
		};
		AACB85B22806ADCE005AAF7A /* Resources */ = {
			isa = PBXResourcesBuildPhase;
			buildActionMask = 2147483647;
			files = (
			);
			runOnlyForDeploymentPostprocessing = 0;
		};
/* End PBXResourcesBuildPhase section */

/* Begin PBXSourcesBuildPhase section */
		AACB85962806ADCD005AAF7A /* Sources */ = {
			isa = PBXSourcesBuildPhase;
			buildActionMask = 2147483647;
			files = (
				AACB85A02806ADCD005AAF7A /* ContentView.swift in Sources */,
				AACB859E2806ADCD005AAF7A /* SwiftUI_OrderingAppApp.swift in Sources */,
			);
			runOnlyForDeploymentPostprocessing = 0;
		};
		AACB85A62806ADCE005AAF7A /* Sources */ = {
			isa = PBXSourcesBuildPhase;
			buildActionMask = 2147483647;
			files = (
				AACB85AF2806ADCE005AAF7A /* SwiftUI_OrderingAppTests.swift in Sources */,
			);
			runOnlyForDeploymentPostprocessing = 0;
		};
		AACB85B02806ADCE005AAF7A /* Sources */ = {
			isa = PBXSourcesBuildPhase;
			buildActionMask = 2147483647;
			files = (
				AACB85BB2806ADCE005AAF7A /* SwiftUI_OrderingAppUITestsLaunchTests.swift in Sources */,
				AACB85B92806ADCE005AAF7A /* SwiftUI_OrderingAppUITests.swift in Sources */,
			);
			runOnlyForDeploymentPostprocessing = 0;
		};
/* End PBXSourcesBuildPhase section */

/* Begin PBXTargetDependency section */
		AACB85AC2806ADCE005AAF7A /* PBXTargetDependency */ = {
			isa = PBXTargetDependency;
			target = AACB85992806ADCD005AAF7A /* SwiftUI-OrderingApp */;
			targetProxy = AACB85AB2806ADCE005AAF7A /* PBXContainerItemProxy */;
		};
		AACB85B62806ADCE005AAF7A /* PBXTargetDependency */ = {
			isa = PBXTargetDependency;
			target = AACB85992806ADCD005AAF7A /* SwiftUI-OrderingApp */;
			targetProxy = AACB85B52806ADCE005AAF7A /* PBXContainerItemProxy */;
		};
/* End PBXTargetDependency section */

/* Begin XCBuildConfiguration section */
		AACB85BC2806ADCE005AAF7A /* Debug */ = {
			isa = XCBuildConfiguration;
			buildSettings = {
				ALWAYS_SEARCH_USER_PATHS = NO;
				CLANG_ANALYZER_NONNULL = YES;
				CLANG_ANALYZER_NUMBER_OBJECT_CONVERSION = YES_AGGRESSIVE;
				CLANG_CXX_LANGUAGE_STANDARD = "gnu++17";
				CLANG_CXX_LIBRARY = "libc++";
				CLANG_ENABLE_MODULES = YES;
				CLANG_ENABLE_OBJC_ARC = YES;
				CLANG_ENABLE_OBJC_WEAK = YES;
				CLANG_WARN_BLOCK_CAPTURE_AUTORELEASING = YES;
				CLANG_WARN_BOOL_CONVERSION = YES;
				CLANG_WARN_COMMA = YES;
				CLANG_WARN_CONSTANT_CONVERSION = YES;
				CLANG_WARN_DEPRECATED_OBJC_IMPLEMENTATIONS = YES;
				CLANG_WARN_DIRECT_OBJC_ISA_USAGE = YES_ERROR;
				CLANG_WARN_DOCUMENTATION_COMMENTS = YES;
				CLANG_WARN_EMPTY_BODY = YES;
				CLANG_WARN_ENUM_CONVERSION = YES;
				CLANG_WARN_INFINITE_RECURSION = YES;
				CLANG_WARN_INT_CONVERSION = YES;
				CLANG_WARN_NON_LITERAL_NULL_CONVERSION = YES;
				CLANG_WARN_OBJC_IMPLICIT_RETAIN_SELF = YES;
				CLANG_WARN_OBJC_LITERAL_CONVERSION = YES;
				CLANG_WARN_OBJC_ROOT_CLASS = YES_ERROR;
				CLANG_WARN_QUOTED_INCLUDE_IN_FRAMEWORK_HEADER = YES;
				CLANG_WARN_RANGE_LOOP_ANALYSIS = YES;
				CLANG_WARN_STRICT_PROTOTYPES = YES;
				CLANG_WARN_SUSPICIOUS_MOVE = YES;
				CLANG_WARN_UNGUARDED_AVAILABILITY = YES_AGGRESSIVE;
				CLANG_WARN_UNREACHABLE_CODE = YES;
				CLANG_WARN__DUPLICATE_METHOD_MATCH = YES;
				COPY_PHASE_STRIP = NO;
				DEBUG_INFORMATION_FORMAT = dwarf;
				ENABLE_STRICT_OBJC_MSGSEND = YES;
				ENABLE_TESTABILITY = YES;
				GCC_C_LANGUAGE_STANDARD = gnu11;
				GCC_DYNAMIC_NO_PIC = NO;
				GCC_NO_COMMON_BLOCKS = YES;
				GCC_OPTIMIZATION_LEVEL = 0;
				GCC_PREPROCESSOR_DEFINITIONS = (
					"DEBUG=1",
					"$(inherited)",
				);
				GCC_WARN_64_TO_32_BIT_CONVERSION = YES;
				GCC_WARN_ABOUT_RETURN_TYPE = YES_ERROR;
				GCC_WARN_UNDECLARED_SELECTOR = YES;
				GCC_WARN_UNINITIALIZED_AUTOS = YES_AGGRESSIVE;
				GCC_WARN_UNUSED_FUNCTION = YES;
				GCC_WARN_UNUSED_VARIABLE = YES;
				IPHONEOS_DEPLOYMENT_TARGET = 15.2;
				MTL_ENABLE_DEBUG_INFO = INCLUDE_SOURCE;
				MTL_FAST_MATH = YES;
				ONLY_ACTIVE_ARCH = YES;
				SDKROOT = iphoneos;
				SWIFT_ACTIVE_COMPILATION_CONDITIONS = DEBUG;
				SWIFT_OPTIMIZATION_LEVEL = "-Onone";
			};
			name = Debug;
		};
		AACB85BD2806ADCE005AAF7A /* Release */ = {
			isa = XCBuildConfiguration;
			buildSettings = {
				ALWAYS_SEARCH_USER_PATHS = NO;
				CLANG_ANALYZER_NONNULL = YES;
				CLANG_ANALYZER_NUMBER_OBJECT_CONVERSION = YES_AGGRESSIVE;
				CLANG_CXX_LANGUAGE_STANDARD = "gnu++17";
				CLANG_CXX_LIBRARY = "libc++";
				CLANG_ENABLE_MODULES = YES;
				CLANG_ENABLE_OBJC_ARC = YES;
				CLANG_ENABLE_OBJC_WEAK = YES;
				CLANG_WARN_BLOCK_CAPTURE_AUTORELEASING = YES;
				CLANG_WARN_BOOL_CONVERSION = YES;
				CLANG_WARN_COMMA = YES;
				CLANG_WARN_CONSTANT_CONVERSION = YES;
				CLANG_WARN_DEPRECATED_OBJC_IMPLEMENTATIONS = YES;
				CLANG_WARN_DIRECT_OBJC_ISA_USAGE = YES_ERROR;
				CLANG_WARN_DOCUMENTATION_COMMENTS = YES;
				CLANG_WARN_EMPTY_BODY = YES;
				CLANG_WARN_ENUM_CONVERSION = YES;
				CLANG_WARN_INFINITE_RECURSION = YES;
				CLANG_WARN_INT_CONVERSION = YES;
				CLANG_WARN_NON_LITERAL_NULL_CONVERSION = YES;
				CLANG_WARN_OBJC_IMPLICIT_RETAIN_SELF = YES;
				CLANG_WARN_OBJC_LITERAL_CONVERSION = YES;
				CLANG_WARN_OBJC_ROOT_CLASS = YES_ERROR;
				CLANG_WARN_QUOTED_INCLUDE_IN_FRAMEWORK_HEADER = YES;
				CLANG_WARN_RANGE_LOOP_ANALYSIS = YES;
				CLANG_WARN_STRICT_PROTOTYPES = YES;
				CLANG_WARN_SUSPICIOUS_MOVE = YES;
				CLANG_WARN_UNGUARDED_AVAILABILITY = YES_AGGRESSIVE;
				CLANG_WARN_UNREACHABLE_CODE = YES;
				CLANG_WARN__DUPLICATE_METHOD_MATCH = YES;
				COPY_PHASE_STRIP = NO;
				DEBUG_INFORMATION_FORMAT = "dwarf-with-dsym";
				ENABLE_NS_ASSERTIONS = NO;
				ENABLE_STRICT_OBJC_MSGSEND = YES;
				GCC_C_LANGUAGE_STANDARD = gnu11;
				GCC_NO_COMMON_BLOCKS = YES;
				GCC_WARN_64_TO_32_BIT_CONVERSION = YES;
				GCC_WARN_ABOUT_RETURN_TYPE = YES_ERROR;
				GCC_WARN_UNDECLARED_SELECTOR = YES;
				GCC_WARN_UNINITIALIZED_AUTOS = YES_AGGRESSIVE;
				GCC_WARN_UNUSED_FUNCTION = YES;
				GCC_WARN_UNUSED_VARIABLE = YES;
				IPHONEOS_DEPLOYMENT_TARGET = 15.2;
				MTL_ENABLE_DEBUG_INFO = NO;
				MTL_FAST_MATH = YES;
				SDKROOT = iphoneos;
				SWIFT_COMPILATION_MODE = wholemodule;
				SWIFT_OPTIMIZATION_LEVEL = "-O";
				VALIDATE_PRODUCT = YES;
			};
			name = Release;
		};
		AACB85BF2806ADCE005AAF7A /* Debug */ = {
			isa = XCBuildConfiguration;
			buildSettings = {
				ASSETCATALOG_COMPILER_APPICON_NAME = AppIcon;
				ASSETCATALOG_COMPILER_GLOBAL_ACCENT_COLOR_NAME = AccentColor;
				CODE_SIGN_STYLE = Automatic;
				CURRENT_PROJECT_VERSION = 1;
				DEVELOPMENT_ASSET_PATHS = "\"SwiftUI-OrderingApp/Preview Content\"";
				ENABLE_PREVIEWS = YES;
				GENERATE_INFOPLIST_FILE = YES;
				INFOPLIST_KEY_UIApplicationSceneManifest_Generation = YES;
				INFOPLIST_KEY_UIApplicationSupportsIndirectInputEvents = YES;
				INFOPLIST_KEY_UILaunchScreen_Generation = YES;
				INFOPLIST_KEY_UISupportedInterfaceOrientations_iPad = "UIInterfaceOrientationPortrait UIInterfaceOrientationPortraitUpsideDown UIInterfaceOrientationLandscapeLeft UIInterfaceOrientationLandscapeRight";
				INFOPLIST_KEY_UISupportedInterfaceOrientations_iPhone = "UIInterfaceOrientationPortrait UIInterfaceOrientationLandscapeLeft UIInterfaceOrientationLandscapeRight";
				LD_RUNPATH_SEARCH_PATHS = (
					"$(inherited)",
					"@executable_path/Frameworks",
				);
				MARKETING_VERSION = 1.0;
				PRODUCT_BUNDLE_IDENTIFIER = "Ethan.SwiftUI-OrderingApp";
				PRODUCT_NAME = "$(TARGET_NAME)";
				SWIFT_EMIT_LOC_STRINGS = YES;
				SWIFT_VERSION = 5.0;
				TARGETED_DEVICE_FAMILY = "1,2";
			};
			name = Debug;
		};
		AACB85C02806ADCE005AAF7A /* Release */ = {
			isa = XCBuildConfiguration;
			buildSettings = {
				ASSETCATALOG_COMPILER_APPICON_NAME = AppIcon;
				ASSETCATALOG_COMPILER_GLOBAL_ACCENT_COLOR_NAME = AccentColor;
				CODE_SIGN_STYLE = Automatic;
				CURRENT_PROJECT_VERSION = 1;
				DEVELOPMENT_ASSET_PATHS = "\"SwiftUI-OrderingApp/Preview Content\"";
				ENABLE_PREVIEWS = YES;
				GENERATE_INFOPLIST_FILE = YES;
				INFOPLIST_KEY_UIApplicationSceneManifest_Generation = YES;
				INFOPLIST_KEY_UIApplicationSupportsIndirectInputEvents = YES;
				INFOPLIST_KEY_UILaunchScreen_Generation = YES;
				INFOPLIST_KEY_UISupportedInterfaceOrientations_iPad = "UIInterfaceOrientationPortrait UIInterfaceOrientationPortraitUpsideDown UIInterfaceOrientationLandscapeLeft UIInterfaceOrientationLandscapeRight";
				INFOPLIST_KEY_UISupportedInterfaceOrientations_iPhone = "UIInterfaceOrientationPortrait UIInterfaceOrientationLandscapeLeft UIInterfaceOrientationLandscapeRight";
				LD_RUNPATH_SEARCH_PATHS = (
					"$(inherited)",
					"@executable_path/Frameworks",
				);
				MARKETING_VERSION = 1.0;
				PRODUCT_BUNDLE_IDENTIFIER = "Ethan.SwiftUI-OrderingApp";
				PRODUCT_NAME = "$(TARGET_NAME)";
				SWIFT_EMIT_LOC_STRINGS = YES;
				SWIFT_VERSION = 5.0;
				TARGETED_DEVICE_FAMILY = "1,2";
			};
			name = Release;
		};
		AACB85C22806ADCE005AAF7A /* Debug */ = {
			isa = XCBuildConfiguration;
			buildSettings = {
				ALWAYS_EMBED_SWIFT_STANDARD_LIBRARIES = YES;
				BUNDLE_LOADER = "$(TEST_HOST)";
				CODE_SIGN_STYLE = Automatic;
				CURRENT_PROJECT_VERSION = 1;
				GENERATE_INFOPLIST_FILE = YES;
				IPHONEOS_DEPLOYMENT_TARGET = 15.2;
				MARKETING_VERSION = 1.0;
				PRODUCT_BUNDLE_IDENTIFIER = "Ethan.SwiftUI-OrderingAppTests";
				PRODUCT_NAME = "$(TARGET_NAME)";
				SWIFT_EMIT_LOC_STRINGS = NO;
				SWIFT_VERSION = 5.0;
				TARGETED_DEVICE_FAMILY = "1,2";
				TEST_HOST = "$(BUILT_PRODUCTS_DIR)/SwiftUI-OrderingApp.app/SwiftUI-OrderingApp";
			};
			name = Debug;
		};
		AACB85C32806ADCE005AAF7A /* Release */ = {
			isa = XCBuildConfiguration;
			buildSettings = {
				ALWAYS_EMBED_SWIFT_STANDARD_LIBRARIES = YES;
				BUNDLE_LOADER = "$(TEST_HOST)";
				CODE_SIGN_STYLE = Automatic;
				CURRENT_PROJECT_VERSION = 1;
				GENERATE_INFOPLIST_FILE = YES;
				IPHONEOS_DEPLOYMENT_TARGET = 15.2;
				MARKETING_VERSION = 1.0;
				PRODUCT_BUNDLE_IDENTIFIER = "Ethan.SwiftUI-OrderingAppTests";
				PRODUCT_NAME = "$(TARGET_NAME)";
				SWIFT_EMIT_LOC_STRINGS = NO;
				SWIFT_VERSION = 5.0;
				TARGETED_DEVICE_FAMILY = "1,2";
				TEST_HOST = "$(BUILT_PRODUCTS_DIR)/SwiftUI-OrderingApp.app/SwiftUI-OrderingApp";
			};
			name = Release;
		};
		AACB85C52806ADCE005AAF7A /* Debug */ = {
			isa = XCBuildConfiguration;
			buildSettings = {
				ALWAYS_EMBED_SWIFT_STANDARD_LIBRARIES = YES;
				CODE_SIGN_STYLE = Automatic;
				CURRENT_PROJECT_VERSION = 1;
				GENERATE_INFOPLIST_FILE = YES;
				MARKETING_VERSION = 1.0;
				PRODUCT_BUNDLE_IDENTIFIER = "Ethan.SwiftUI-OrderingAppUITests";
				PRODUCT_NAME = "$(TARGET_NAME)";
				SWIFT_EMIT_LOC_STRINGS = NO;
				SWIFT_VERSION = 5.0;
				TARGETED_DEVICE_FAMILY = "1,2";
				TEST_TARGET_NAME = "SwiftUI-OrderingApp";
			};
			name = Debug;
		};
		AACB85C62806ADCE005AAF7A /* Release */ = {
			isa = XCBuildConfiguration;
			buildSettings = {
				ALWAYS_EMBED_SWIFT_STANDARD_LIBRARIES = YES;
				CODE_SIGN_STYLE = Automatic;
				CURRENT_PROJECT_VERSION = 1;
				GENERATE_INFOPLIST_FILE = YES;
				MARKETING_VERSION = 1.0;
				PRODUCT_BUNDLE_IDENTIFIER = "Ethan.SwiftUI-OrderingAppUITests";
				PRODUCT_NAME = "$(TARGET_NAME)";
				SWIFT_EMIT_LOC_STRINGS = NO;
				SWIFT_VERSION = 5.0;
				TARGETED_DEVICE_FAMILY = "1,2";
				TEST_TARGET_NAME = "SwiftUI-OrderingApp";
			};
			name = Release;
		};
/* End XCBuildConfiguration section */

/* Begin XCConfigurationList section */
		AACB85952806ADCD005AAF7A /* Build configuration list for PBXProject "SwiftUI-OrderingApp" */ = {
			isa = XCConfigurationList;
			buildConfigurations = (
				AACB85BC2806ADCE005AAF7A /* Debug */,
				AACB85BD2806ADCE005AAF7A /* Release */,
			);
			defaultConfigurationIsVisible = 0;
			defaultConfigurationName = Release;
		};
		AACB85BE2806ADCE005AAF7A /* Build configuration list for PBXNativeTarget "SwiftUI-OrderingApp" */ = {
			isa = XCConfigurationList;
			buildConfigurations = (
				AACB85BF2806ADCE005AAF7A /* Debug */,
				AACB85C02806ADCE005AAF7A /* Release */,
			);
			defaultConfigurationIsVisible = 0;
			defaultConfigurationName = Release;
		};
		AACB85C12806ADCE005AAF7A /* Build configuration list for PBXNativeTarget "SwiftUI-OrderingAppTests" */ = {
			isa = XCConfigurationList;
			buildConfigurations = (
				AACB85C22806ADCE005AAF7A /* Debug */,
				AACB85C32806ADCE005AAF7A /* Release */,
			);
			defaultConfigurationIsVisible = 0;
			defaultConfigurationName = Release;
		};
		AACB85C42806ADCE005AAF7A /* Build configuration list for PBXNativeTarget "SwiftUI-OrderingAppUITests" */ = {
			isa = XCConfigurationList;
			buildConfigurations = (
				AACB85C52806ADCE005AAF7A /* Debug */,
				AACB85C62806ADCE005AAF7A /* Release */,
			);
			defaultConfigurationIsVisible = 0;
			defaultConfigurationName = Release;
		};
/* End XCConfigurationList section */
	};
	rootObject = AACB85922806ADCD005AAF7A /* Project object */;
}
